
Microsoft Visual Studio Solution File, Format Version 12.00
# Visual Studio Version 17
VisualStudioVersion = 17.0.31903.59
MinimumVisualStudioVersion = 10.0.40219.1
Project("{FAE04EC0-301F-11D3-BF4B-00C04F79EFBC}") = "Tripilot.Api", "Tripilot.Api\Tripilot.Api.csproj", "{9DB756F8-6DCC-4759-9942-98F644C0845E}"
EndProject
Project("{FAE04EC0-301F-11D3-BF4B-00C04F79EFBC}") = "Tripilot.Application", "Tripilot.Application\Tripilot.Application.csproj", "{A84ADEF4-65EB-40EA-BA13-CB95D63514B3}"
EndProject
Project("{FAE04EC0-301F-11D3-BF4B-00C04F79EFBC}") = "Tripilot.Domain", "Tripilot.Domain\Tripilot.Domain.csproj", "{90E97424-AA3E-42A8-9D5A-B840697722C0}"
EndProject
Project("{FAE04EC0-301F-11D3-BF4B-00C04F79EFBC}") = "Tripilot.Infrastructure", "Tripilot.Infrastructure\Tripilot.Infrastructure.csproj", "{49659E42-883C-448C-9E63-DA65FFDAD778}"
EndProject
Project("{FAE04EC0-301F-11D3-BF4B-00C04F79EFBC}") = "Tripilot.Shared", "Tripilot.Shared\Tripilot.Shared.csproj", "{F62CAC06-394B-4C48-B86C-507D14E67490}"
EndProject
Global
	GlobalSection(SolutionConfigurationPlatforms) = preSolution
		Debug|Any CPU = Debug|Any CPU
		Debug|x64 = Debug|x64
		Debug|x86 = Debug|x86
		Release|Any CPU = Release|Any CPU
		Release|x64 = Release|x64
		Release|x86 = Release|x86
	EndGlobalSection
	GlobalSection(ProjectConfigurationPlatforms) = postSolution
		{9DB756F8-6DCC-4759-9942-98F644C0845E}.Debug|Any CPU.ActiveCfg = Debug|Any CPU
		{9DB756F8-6DCC-4759-9942-98F644C0845E}.Debug|Any CPU.Build.0 = Debug|Any CPU
		{9DB756F8-6DCC-4759-9942-98F644C0845E}.Debug|x64.ActiveCfg = Debug|Any CPU
		{9DB756F8-6DCC-4759-9942-98F644C0845E}.Debug|x64.Build.0 = Debug|Any CPU
		{9DB756F8-6DCC-4759-9942-98F644C0845E}.Debug|x86.ActiveCfg = Debug|Any CPU
		{9DB756F8-6DCC-4759-9942-98F644C0845E}.Debug|x86.Build.0 = Debug|Any CPU
		{9DB756F8-6DCC-4759-9942-98F644C0845E}.Release|Any CPU.ActiveCfg = Release|Any CPU
		{9DB756F8-6DCC-4759-9942-98F644C0845E}.Release|Any CPU.Build.0 = Release|Any CPU
		{9DB756F8-6DCC-4759-9942-98F644C0845E}.Release|x64.ActiveCfg = Release|Any CPU
		{9DB756F8-6DCC-4759-9942-98F644C0845E}.Release|x64.Build.0 = Release|Any CPU
		{9DB756F8-6DCC-4759-9942-98F644C0845E}.Release|x86.ActiveCfg = Release|Any CPU
		{9DB756F8-6DCC-4759-9942-98F644C0845E}.Release|x86.Build.0 = Release|Any CPU
		{A84ADEF4-65EB-40EA-BA13-CB95D63514B3}.Debug|Any CPU.ActiveCfg = Debug|Any CPU
		{A84ADEF4-65EB-40EA-BA13-CB95D63514B3}.Debug|Any CPU.Build.0 = Debug|Any CPU
		{A84ADEF4-65EB-40EA-BA13-CB95D63514B3}.Debug|x64.ActiveCfg = Debug|Any CPU
		{A84ADEF4-65EB-40EA-BA13-CB95D63514B3}.Debug|x64.Build.0 = Debug|Any CPU
		{A84ADEF4-65EB-40EA-BA13-CB95D63514B3}.Debug|x86.ActiveCfg = Debug|Any CPU
		{A84ADEF4-65EB-40EA-BA13-CB95D63514B3}.Debug|x86.Build.0 = Debug|Any CPU
		{A84ADEF4-65EB-40EA-BA13-CB95D63514B3}.Release|Any CPU.ActiveCfg = Release|Any CPU
		{A84ADEF4-65EB-40EA-BA13-CB95D63514B3}.Release|Any CPU.Build.0 = Release|Any CPU
		{A84ADEF4-65EB-40EA-BA13-CB95D63514B3}.Release|x64.ActiveCfg = Release|Any CPU
		{A84ADEF4-65EB-40EA-BA13-CB95D63514B3}.Release|x64.Build.0 = Release|Any CPU
		{A84ADEF4-65EB-40EA-BA13-CB95D63514B3}.Release|x86.ActiveCfg = Release|Any CPU
		{A84ADEF4-65EB-40EA-BA13-CB95D63514B3}.Release|x86.Build.0 = Release|Any CPU
		{90E97424-AA3E-42A8-9D5A-B840697722C0}.Debug|Any CPU.ActiveCfg = Debug|Any CPU
		{90E97424-AA3E-42A8-9D5A-B840697722C0}.Debug|Any CPU.Build.0 = Debug|Any CPU
		{90E97424-AA3E-42A8-9D5A-B840697722C0}.Debug|x64.ActiveCfg = Debug|Any CPU
		{90E97424-AA3E-42A8-9D5A-B840697722C0}.Debug|x64.Build.0 = Debug|Any CPU
		{90E97424-AA3E-42A8-9D5A-B840697722C0}.Debug|x86.ActiveCfg = Debug|Any CPU
		{90E97424-AA3E-42A8-9D5A-B840697722C0}.Debug|x86.Build.0 = Debug|Any CPU
		{90E97424-AA3E-42A8-9D5A-B840697722C0}.Release|Any CPU.ActiveCfg = Release|Any CPU
		{90E97424-AA3E-42A8-9D5A-B840697722C0}.Release|Any CPU.Build.0 = Release|Any CPU
		{90E97424-AA3E-42A8-9D5A-B840697722C0}.Release|x64.ActiveCfg = Release|Any CPU
		{90E97424-AA3E-42A8-9D5A-B840697722C0}.Release|x64.Build.0 = Release|Any CPU
		{90E97424-AA3E-42A8-9D5A-B840697722C0}.Release|x86.ActiveCfg = Release|Any CPU
		{90E97424-AA3E-42A8-9D5A-B840697722C0}.Release|x86.Build.0 = Release|Any CPU
		{49659E42-883C-448C-9E63-DA65FFDAD778}.Debug|Any CPU.ActiveCfg = Debug|Any CPU
		{49659E42-883C-448C-9E63-DA65FFDAD778}.Debug|Any CPU.Build.0 = Debug|Any CPU
		{49659E42-883C-448C-9E63-DA65FFDAD778}.Debug|x64.ActiveCfg = Debug|Any CPU
		{49659E42-883C-448C-9E63-DA65FFDAD778}.Debug|x64.Build.0 = Debug|Any CPU
		{49659E42-883C-448C-9E63-DA65FFDAD778}.Debug|x86.ActiveCfg = Debug|Any CPU
		{49659E42-883C-448C-9E63-DA65FFDAD778}.Debug|x86.Build.0 = Debug|Any CPU
		{49659E42-883C-448C-9E63-DA65FFDAD778}.Release|Any CPU.ActiveCfg = Release|Any CPU
		{49659E42-883C-448C-9E63-DA65FFDAD778}.Release|Any CPU.Build.0 = Release|Any CPU
		{49659E42-883C-448C-9E63-DA65FFDAD778}.Release|x64.ActiveCfg = Release|Any CPU
		{49659E42-883C-448C-9E63-DA65FFDAD778}.Release|x64.Build.0 = Release|Any CPU
		{49659E42-883C-448C-9E63-DA65FFDAD778}.Release|x86.ActiveCfg = Release|Any CPU
		{49659E42-883C-448C-9E63-DA65FFDAD778}.Release|x86.Build.0 = Release|Any CPU
		{F62CAC06-394B-4C48-B86C-507D14E67490}.Debug|Any CPU.ActiveCfg = Debug|Any CPU
		{F62CAC06-394B-4C48-B86C-507D14E67490}.Debug|Any CPU.Build.0 = Debug|Any CPU
		{F62CAC06-394B-4C48-B86C-507D14E67490}.Debug|x64.ActiveCfg = Debug|Any CPU
		{F62CAC06-394B-4C48-B86C-507D14E67490}.Debug|x64.Build.0 = Debug|Any CPU
		{F62CAC06-394B-4C48-B86C-507D14E67490}.Debug|x86.ActiveCfg = Debug|Any CPU
		{F62CAC06-394B-4C48-B86C-507D14E67490}.Debug|x86.Build.0 = Debug|Any CPU
		{F62CAC06-394B-4C48-B86C-507D14E67490}.Release|Any CPU.ActiveCfg = Release|Any CPU
		{F62CAC06-394B-4C48-B86C-507D14E67490}.Release|Any CPU.Build.0 = Release|Any CPU
		{F62CAC06-394B-4C48-B86C-507D14E67490}.Release|x64.ActiveCfg = Release|Any CPU
		{F62CAC06-394B-4C48-B86C-507D14E67490}.Release|x64.Build.0 = Release|Any CPU
		{F62CAC06-394B-4C48-B86C-507D14E67490}.Release|x86.ActiveCfg = Release|Any CPU
		{F62CAC06-394B-4C48-B86C-507D14E67490}.Release|x86.Build.0 = Release|Any CPU
	EndGlobalSection
	GlobalSection(SolutionProperties) = preSolution
		HideSolutionNode = FALSE
	EndGlobalSection
EndGlobal
